
Microsoft Visual Studio Solution File, Format Version 12.00
Project("{FAE04EC0-301F-11D3-BF4B-00C04F79EFBC}") = "AlzCapture", "AlzCapture\AlzCapture.csproj", "{1AC979A7-A952-48E5-A61C-62AAD6BD75C3}"
EndProject
Global
	GlobalSection(SolutionConfigurationPlatforms) = preSolution
		Debug|Any CPU = Debug|Any CPU
		Release|Any CPU = Release|Any CPU
	EndGlobalSection
	GlobalSection(ProjectConfigurationPlatforms) = postSolution
		{1AC979A7-A952-48E5-A61C-62AAD6BD75C3}.Debug|Any CPU.ActiveCfg = Debug|Any CPU
		{1AC979A7-A952-48E5-A61C-62AAD6BD75C3}.Debug|Any CPU.Build.0 = Debug|Any CPU
		{1AC979A7-A952-48E5-A61C-62AAD6BD75C3}.Release|Any CPU.ActiveCfg = Release|Any CPU
		{1AC979A7-A952-48E5-A61C-62AAD6BD75C3}.Release|Any CPU.Build.0 = Release|Any CPU
	EndGlobalSection
EndGlobal
